
Microsoft Visual Studio Solution File, Format Version 12.00
# Visual Studio Version 17
VisualStudioVersion = 17.2.32210.308
MinimumVisualStudioVersion = 10.0.40219.1
Project("{9A19103F-16F7-4668-BE54-9A1E7A4F7556}") = "API", "API\API.csproj", "{D8BF7E8B-0B4E-48CB-840D-7616DF807BC0}"
EndProject
Project("{9A19103F-16F7-4668-BE54-9A1E7A4F7556}") = "Core", "Core\Core.csproj", "{2CF8B564-CDFD-4B74-BFA8-E25C76427B5D}"
EndProject
Project("{9A19103F-16F7-4668-BE54-9A1E7A4F7556}") = "Infrastructure", "Infrastructure\Infrastructure.csproj", "{7116D717-2A25-4FA7-B4ED-072A06191CD8}"
EndProject
Project("{2150E333-8FDC-42A3-9474-1A3956D46DE8}") = "src", "src", "{25F38CCB-1C6F-4B38-9831-D92BCA8D6C67}"
EndProject
Project("{2150E333-8FDC-42A3-9474-1A3956D46DE8}") = "tests", "tests", "{0B3E981E-40A9-4C66-8F67-415B2984245E}"
EndProject
Project("{9A19103F-16F7-4668-BE54-9A1E7A4F7556}") = "API.FunctionalTests", "API.FunctionalTests\API.FunctionalTests.csproj", "{B1DBB8A3-1535-4D57-A5CC-17ACAD6D0A3B}"
EndProject
Project("{9A19103F-16F7-4668-BE54-9A1E7A4F7556}") = "ApplicationCore.UnitTests", "ApplicationCore.UnitTests\ApplicationCore.UnitTests.csproj", "{B815D76F-ED52-49AC-9086-E8182ED85F97}"
EndProject
Project("{9A19103F-16F7-4668-BE54-9A1E7A4F7556}") = "Infrastructure.UnitTests", "Infrastructure.UnitTests\Infrastructure.UnitTests.csproj", "{38AB0C3B-162F-4999-98E4-29DDC1E1F6C6}"
EndProject
Project("{2150E333-8FDC-42A3-9474-1A3956D46DE8}") = "Solution Items", "Solution Items", "{36C58A48-7456-4C78-BDF2-26CAC29F3BC1}"
	ProjectSection(SolutionItems) = preProject
		KnowHow.md = KnowHow.md
	EndProjectSection
EndProject
Project("{9A19103F-16F7-4668-BE54-9A1E7A4F7556}") = "Koru", "Koru\Koru.csproj", "{0F5B680A-17E9-4F2E-A775-630F0DDABA9A}"
EndProject
Project("{2150E333-8FDC-42A3-9474-1A3956D46DE8}") = "frontend", "frontend", "{FB1DD5D9-8884-4C47-B66B-BFCBDC43E9C0}"
EndProject
Project("{9A19103F-16F7-4668-BE54-9A1E7A4F7556}") = "Shared", "Shared\Shared.csproj", "{BEFECEB4-685A-45D9-B948-DDB2C8B96090}"
EndProject
Project("{9A19103F-16F7-4668-BE54-9A1E7A4F7556}") = "Application", "Application\Application.csproj", "{9BF5079A-09F2-44FF-965C-B6F1D6F829F7}"
EndProject
Project("{9A19103F-16F7-4668-BE54-9A1E7A4F7556}") = "UI", "UI\UI.csproj", "{A7DEF9CC-733C-46B8-AB13-8B0788D8DE65}"
EndProject
Global
	GlobalSection(SolutionConfigurationPlatforms) = preSolution
		Debug|Any CPU = Debug|Any CPU
		Release|Any CPU = Release|Any CPU
	EndGlobalSection
	GlobalSection(ProjectConfigurationPlatforms) = postSolution
		{D8BF7E8B-0B4E-48CB-840D-7616DF807BC0}.Debug|Any CPU.ActiveCfg = Debug|Any CPU
		{D8BF7E8B-0B4E-48CB-840D-7616DF807BC0}.Debug|Any CPU.Build.0 = Debug|Any CPU
		{D8BF7E8B-0B4E-48CB-840D-7616DF807BC0}.Release|Any CPU.ActiveCfg = Release|Any CPU
		{D8BF7E8B-0B4E-48CB-840D-7616DF807BC0}.Release|Any CPU.Build.0 = Release|Any CPU
		{2CF8B564-CDFD-4B74-BFA8-E25C76427B5D}.Debug|Any CPU.ActiveCfg = Debug|Any CPU
		{2CF8B564-CDFD-4B74-BFA8-E25C76427B5D}.Debug|Any CPU.Build.0 = Debug|Any CPU
		{2CF8B564-CDFD-4B74-BFA8-E25C76427B5D}.Release|Any CPU.ActiveCfg = Release|Any CPU
		{2CF8B564-CDFD-4B74-BFA8-E25C76427B5D}.Release|Any CPU.Build.0 = Release|Any CPU
		{7116D717-2A25-4FA7-B4ED-072A06191CD8}.Debug|Any CPU.ActiveCfg = Debug|Any CPU
		{7116D717-2A25-4FA7-B4ED-072A06191CD8}.Debug|Any CPU.Build.0 = Debug|Any CPU
		{7116D717-2A25-4FA7-B4ED-072A06191CD8}.Release|Any CPU.ActiveCfg = Release|Any CPU
		{7116D717-2A25-4FA7-B4ED-072A06191CD8}.Release|Any CPU.Build.0 = Release|Any CPU
		{B1DBB8A3-1535-4D57-A5CC-17ACAD6D0A3B}.Debug|Any CPU.ActiveCfg = Debug|Any CPU
		{B1DBB8A3-1535-4D57-A5CC-17ACAD6D0A3B}.Debug|Any CPU.Build.0 = Debug|Any CPU
		{B1DBB8A3-1535-4D57-A5CC-17ACAD6D0A3B}.Release|Any CPU.ActiveCfg = Release|Any CPU
		{B1DBB8A3-1535-4D57-A5CC-17ACAD6D0A3B}.Release|Any CPU.Build.0 = Release|Any CPU
		{B815D76F-ED52-49AC-9086-E8182ED85F97}.Debug|Any CPU.ActiveCfg = Debug|Any CPU
		{B815D76F-ED52-49AC-9086-E8182ED85F97}.Debug|Any CPU.Build.0 = Debug|Any CPU
		{B815D76F-ED52-49AC-9086-E8182ED85F97}.Release|Any CPU.ActiveCfg = Release|Any CPU
		{B815D76F-ED52-49AC-9086-E8182ED85F97}.Release|Any CPU.Build.0 = Release|Any CPU
		{38AB0C3B-162F-4999-98E4-29DDC1E1F6C6}.Debug|Any CPU.ActiveCfg = Debug|Any CPU
		{38AB0C3B-162F-4999-98E4-29DDC1E1F6C6}.Debug|Any CPU.Build.0 = Debug|Any CPU
		{38AB0C3B-162F-4999-98E4-29DDC1E1F6C6}.Release|Any CPU.ActiveCfg = Release|Any CPU
		{38AB0C3B-162F-4999-98E4-29DDC1E1F6C6}.Release|Any CPU.Build.0 = Release|Any CPU
		{0F5B680A-17E9-4F2E-A775-630F0DDABA9A}.Debug|Any CPU.ActiveCfg = Debug|Any CPU
		{0F5B680A-17E9-4F2E-A775-630F0DDABA9A}.Debug|Any CPU.Build.0 = Debug|Any CPU
		{0F5B680A-17E9-4F2E-A775-630F0DDABA9A}.Release|Any CPU.ActiveCfg = Release|Any CPU
		{0F5B680A-17E9-4F2E-A775-630F0DDABA9A}.Release|Any CPU.Build.0 = Release|Any CPU
		{BEFECEB4-685A-45D9-B948-DDB2C8B96090}.Debug|Any CPU.ActiveCfg = Debug|Any CPU
		{BEFECEB4-685A-45D9-B948-DDB2C8B96090}.Debug|Any CPU.Build.0 = Debug|Any CPU
		{BEFECEB4-685A-45D9-B948-DDB2C8B96090}.Release|Any CPU.ActiveCfg = Release|Any CPU
		{BEFECEB4-685A-45D9-B948-DDB2C8B96090}.Release|Any CPU.Build.0 = Release|Any CPU
		{9BF5079A-09F2-44FF-965C-B6F1D6F829F7}.Debug|Any CPU.ActiveCfg = Debug|Any CPU
		{9BF5079A-09F2-44FF-965C-B6F1D6F829F7}.Debug|Any CPU.Build.0 = Debug|Any CPU
		{9BF5079A-09F2-44FF-965C-B6F1D6F829F7}.Release|Any CPU.ActiveCfg = Release|Any CPU
		{9BF5079A-09F2-44FF-965C-B6F1D6F829F7}.Release|Any CPU.Build.0 = Release|Any CPU
		{A7DEF9CC-733C-46B8-AB13-8B0788D8DE65}.Debug|Any CPU.ActiveCfg = Debug|Any CPU
		{A7DEF9CC-733C-46B8-AB13-8B0788D8DE65}.Debug|Any CPU.Build.0 = Debug|Any CPU
		{A7DEF9CC-733C-46B8-AB13-8B0788D8DE65}.Release|Any CPU.ActiveCfg = Release|Any CPU
		{A7DEF9CC-733C-46B8-AB13-8B0788D8DE65}.Release|Any CPU.Build.0 = Release|Any CPU
	EndGlobalSection
	GlobalSection(SolutionProperties) = preSolution
		HideSolutionNode = FALSE
	EndGlobalSection
	GlobalSection(NestedProjects) = preSolution
		{D8BF7E8B-0B4E-48CB-840D-7616DF807BC0} = {25F38CCB-1C6F-4B38-9831-D92BCA8D6C67}
		{2CF8B564-CDFD-4B74-BFA8-E25C76427B5D} = {25F38CCB-1C6F-4B38-9831-D92BCA8D6C67}
		{7116D717-2A25-4FA7-B4ED-072A06191CD8} = {25F38CCB-1C6F-4B38-9831-D92BCA8D6C67}
		{B1DBB8A3-1535-4D57-A5CC-17ACAD6D0A3B} = {0B3E981E-40A9-4C66-8F67-415B2984245E}
		{B815D76F-ED52-49AC-9086-E8182ED85F97} = {0B3E981E-40A9-4C66-8F67-415B2984245E}
		{38AB0C3B-162F-4999-98E4-29DDC1E1F6C6} = {0B3E981E-40A9-4C66-8F67-415B2984245E}
		{9BF5079A-09F2-44FF-965C-B6F1D6F829F7} = {25F38CCB-1C6F-4B38-9831-D92BCA8D6C67}
		{A7DEF9CC-733C-46B8-AB13-8B0788D8DE65} = {FB1DD5D9-8884-4C47-B66B-BFCBDC43E9C0}
	EndGlobalSection
	GlobalSection(ExtensibilityGlobals) = postSolution
		SolutionGuid = {427B5393-0E18-47C3-93EA-9CD186AEB39E}
	EndGlobalSection
EndGlobal
